
Microsoft Visual Studio Solution File, Format Version 12.00
# Visual Studio 2012
Project("{8BC9CEB8-8B4A-11D0-8D11-00A0C91BC942}") = "点点连格棋", "点点连格棋.vcxproj", "{A323CE19-506A-4E45-83E4-D9F82712B2A6}"
EndProject
Global
	GlobalSection(SolutionConfigurationPlatforms) = preSolution
		Debug|Win32 = Debug|Win32
		Release|Win32 = Release|Win32
	EndGlobalSection
	GlobalSection(ProjectConfigurationPlatforms) = postSolution
		{A323CE19-506A-4E45-83E4-D9F82712B2A6}.Debug|Win32.ActiveCfg = Debug|Win32
		{A323CE19-506A-4E45-83E4-D9F82712B2A6}.Debug|Win32.Build.0 = Debug|Win32
		{A323CE19-506A-4E45-83E4-D9F82712B2A6}.Release|Win32.ActiveCfg = Release|Win32
		{A323CE19-506A-4E45-83E4-D9F82712B2A6}.Release|Win32.Build.0 = Release|Win32
	EndGlobalSection
	GlobalSection(SolutionProperties) = preSolution
		HideSolutionNode = FALSE
	EndGlobalSection
EndGlobal
